
Microsoft Visual Studio Solution File, Format Version 12.00
# Visual Studio Version 16
VisualStudioVersion = 16.0.30907.101
MinimumVisualStudioVersion = 10.0.40219.1
Project("{FAE04EC0-301F-11D3-BF4B-00C04F79EFBC}") = "CRUDApp", "CRUDApp\CRUDApp.csproj", "{3200AECB-4443-4A86-B35D-B40337B3EB01}"
EndProject
Global
	GlobalSection(SolutionConfigurationPlatforms) = preSolution
		Debug|Any CPU = Debug|Any CPU
		Release|Any CPU = Release|Any CPU
	EndGlobalSection
	GlobalSection(ProjectConfigurationPlatforms) = postSolution
		{3200AECB-4443-4A86-B35D-B40337B3EB01}.Debug|Any CPU.ActiveCfg = Debug|Any CPU
		{3200AECB-4443-4A86-B35D-B40337B3EB01}.Debug|Any CPU.Build.0 = Debug|Any CPU
		{3200AECB-4443-4A86-B35D-B40337B3EB01}.Release|Any CPU.ActiveCfg = Release|Any CPU
		{3200AECB-4443-4A86-B35D-B40337B3EB01}.Release|Any CPU.Build.0 = Release|Any CPU
	EndGlobalSection
	GlobalSection(SolutionProperties) = preSolution
		HideSolutionNode = FALSE
	EndGlobalSection
	GlobalSection(ExtensibilityGlobals) = postSolution
		SolutionGuid = {5690C758-348D-4606-91EA-829978966E3E}
	EndGlobalSection
EndGlobal
